[[package]]
name = 'core'
source = 'path+from-root-894BF76E6DA2FFD3'

[[package]]
name = 'owner_wallet_abi'
source = 'path+from-root-86B459CFB5E86315'
dependencies = ['std']

[[package]]
name = 'owner_wallet_contract'
source = 'member'
dependencies = [
    'owner_wallet_abi',
    'std',
]

[[package]]
name = 'std'
source = 'git+https://github.com/fuellabs/sway?tag=v0.35.3#5d2b10bd83791d2eaff04206dbd45bfdd9cf23ff'
dependencies = ['core']
